
Microsoft Visual Studio Solution File, Format Version 12.00
# Visual Studio Version 16
VisualStudioVersion = 16.0.30413.136
MinimumVisualStudioVersion = 10.0.40219.1
Project("{FAE04EC0-301F-11D3-BF4B-00C04F79EFBC}") = "faguard", "faguard\faguard.csproj", "{161D3FCA-A506-42F9-AA94-23F3B4ABB0B2}"
EndProject
Global
	GlobalSection(SolutionConfigurationPlatforms) = preSolution
		Debug|Any CPU = Debug|Any CPU
		Release|Any CPU = Release|Any CPU
	EndGlobalSection
	GlobalSection(ProjectConfigurationPlatforms) = postSolution
		{161D3FCA-A506-42F9-AA94-23F3B4ABB0B2}.Debug|Any CPU.ActiveCfg = Debug|Any CPU
		{161D3FCA-A506-42F9-AA94-23F3B4ABB0B2}.Debug|Any CPU.Build.0 = Debug|Any CPU
		{161D3FCA-A506-42F9-AA94-23F3B4ABB0B2}.Release|Any CPU.ActiveCfg = Release|Any CPU
		{161D3FCA-A506-42F9-AA94-23F3B4ABB0B2}.Release|Any CPU.Build.0 = Release|Any CPU
	EndGlobalSection
	GlobalSection(SolutionProperties) = preSolution
		HideSolutionNode = FALSE
	EndGlobalSection
	GlobalSection(ExtensibilityGlobals) = postSolution
		SolutionGuid = {56DD55DC-1B23-4362-A9FC-76C768FAB12D}
	EndGlobalSection
EndGlobal
